// !$*UTF8*$!
{
	archiveVersion = 1;
	classes = {
	};
	objectVersion = 46;
	objects = {

/* Begin PBXBuildFile section */
		6775D08A1F1C8F590029B271 /* main.m in Sources */ = {isa = PBXBuildFile; fileRef = 6775D0891F1C8F590029B271 /* main.m */; };
		6775D08D1F1C8F590029B271 /* AppDelegate.m in Sources */ = {isa = PBXBuildFile; fileRef = 6775D08C1F1C8F590029B271 /* AppDelegate.m */; };
		6775D0901F1C8F590029B271 /* ViewController.m in Sources */ = {isa = PBXBuildFile; fileRef = 6775D08F1F1C8F590029B271 /* ViewController.m */; };
		6775D0931F1C8F590029B271 /* Main.storyboard in Resources */ = {isa = PBXBuildFile; fileRef = 6775D0911F1C8F590029B271 /* Main.storyboard */; };
		6775D0951F1C8F590029B271 /* Assets.xcassets in Resources */ = {isa = PBXBuildFile; fileRef = 6775D0941F1C8F590029B271 /* Assets.xcassets */; };
		6775D0981F1C8F590029B271 /* LaunchScreen.storyboard in Resources */ = {isa = PBXBuildFile; fileRef = 6775D0961F1C8F590029B271 /* LaunchScreen.storyboard */; };
		6775D0A01F1C8FB60029B271 /* MRButtonCollection.podspec in Resources */ = {isa = PBXBuildFile; fileRef = 6775D09F1F1C8FB60029B271 /* MRButtonCollection.podspec */; };
		E220401C8973398B068B0340 /* libPods-MRButtonCollection.a in Frameworks */ = {isa = PBXBuildFile; fileRef = 6FA60D2E24604FE7E43BD6E6 /* libPods-MRButtonCollection.a */; };
/* End PBXBuildFile section */

/* Begin PBXFileReference section */
		076935E5D378AACB1DDB1456 /* Pods-MRButtonCollection.debug.xcconfig */ = {isa = PBXFileReference; includeInIndex = 1; lastKnownFileType = text.xcconfig; name = "Pods-MRButtonCollection.debug.xcconfig"; path = "Pods/Target Support Files/Pods-MRButtonCollection/Pods-MRButtonCollection.debug.xcconfig"; sourceTree = "<group>"; };
		6775D0851F1C8F590029B271 /* MRButtonCollection.app */ = {isa = PBXFileReference; explicitFileType = wrapper.application; includeInIndex = 0; path = MRButtonCollection.app; sourceTree = BUILT_PRODUCTS_DIR; };
		6775D0891F1C8F590029B271 /* main.m */ = {isa = PBXFileReference; lastKnownFileType = sourcecode.c.objc; path = main.m; sourceTree = "<group>"; };
		6775D08B1F1C8F590029B271 /* AppDelegate.h */ = {isa = PBXFileReference; lastKnownFileType = sourcecode.c.h; path = AppDelegate.h; sourceTree = "<group>"; };
		6775D08C1F1C8F590029B271 /* AppDelegate.m */ = {isa = PBXFileReference; lastKnownFileType = sourcecode.c.objc; path = AppDelegate.m; sourceTree = "<group>"; };
		6775D08E1F1C8F590029B271 /* ViewController.h */ = {isa = PBXFileReference; lastKnownFileType = sourcecode.c.h; path = ViewController.h; sourceTree = "<group>"; };
		6775D08F1F1C8F590029B271 /* ViewController.m */ = {isa = PBXFileReference; lastKnownFileType = sourcecode.c.objc; path = ViewController.m; sourceTree = "<group>"; };
		6775D0921F1C8F590029B271 /* Base */ = {isa = PBXFileReference; lastKnownFileType = file.storyboard; name = Base; path = Base.lproj/Main.storyboard; sourceTree = "<group>"; };
		6775D0941F1C8F590029B271 /* Assets.xcassets */ = {isa = PBXFileReference; lastKnownFileType = folder.assetcatalog; path = Assets.xcassets; sourceTree = "<group>"; };
		6775D0971F1C8F590029B271 /* Base */ = {isa = PBXFileReference; lastKnownFileType = file.storyboard; name = Base; path = Base.lproj/LaunchScreen.storyboard; sourceTree = "<group>"; };
		6775D0991F1C8F590029B271 /* Info.plist */ = {isa = PBXFileReference; lastKnownFileType = text.plist.xml; path = Info.plist; sourceTree = "<group>"; };
		6775D09F1F1C8FB60029B271 /* MRButtonCollection.podspec */ = {isa = PBXFileReference; fileEncoding = 4; lastKnownFileType = text; path = MRButtonCollection.podspec; sourceTree = "<group>"; };
		6FA60D2E24604FE7E43BD6E6 /* libPods-MRButtonCollection.a */ = {isa = PBXFileReference; explicitFileType = archive.ar; includeInIndex = 0; path = "libPods-MRButtonCollection.a"; sourceTree = BUILT_PRODUCTS_DIR; };
		A37DF21224B19ADF74B8CBA8 /* Pods-MRButtonCollection.release.xcconfig */ = {isa = PBXFileReference; includeInIndex = 1; lastKnownFileType = text.xcconfig; name = "Pods-MRButtonCollection.release.xcconfig"; path = "Pods/Target Support Files/Pods-MRButtonCollection/Pods-MRButtonCollection.release.xcconfig"; sourceTree = "<group>"; };
/* End PBXFileReference section */

/* Begin PBXFrameworksBuildPhase section */
		6775D0821F1C8F590029B271 /* Frameworks */ = {
			isa = PBXFrameworksBuildPhase;
			buildActionMask = 2147483647;
			files = (
				E220401C8973398B068B0340 /* libPods-MRButtonCollection.a in Frameworks */,
			);
			runOnlyForDeploymentPostprocessing = 0;
		};
/* End PBXFrameworksBuildPhase section */

/* Begin PBXGroup section */
		6775D07C1F1C8F590029B271 = {
			isa = PBXGroup;
			children = (
				6775D09F1F1C8FB60029B271 /* MRButtonCollection.podspec */,
				6775D0871F1C8F590029B271 /* MRButtonCollection */,
				6775D0861F1C8F590029B271 /* Products */,
				9267E55E9A5DB88D529C49AE /* Pods */,
				7F69A5C23C5C2C7145F954D6 /* Frameworks */,
			);
			sourceTree = "<group>";
		};
		6775D0861F1C8F590029B271 /* Products */ = {
			isa = PBXGroup;
			children = (
				6775D0851F1C8F590029B271 /* MRButtonCollection.app */,
			);
			name = Products;
			sourceTree = "<group>";
		};
		6775D0871F1C8F590029B271 /* MRButtonCollection */ = {
			isa = PBXGroup;
			children = (
				6775D08B1F1C8F590029B271 /* AppDelegate.h */,
				6775D08C1F1C8F590029B271 /* AppDelegate.m */,
				6775D08E1F1C8F590029B271 /* ViewController.h */,
				6775D08F1F1C8F590029B271 /* ViewController.m */,
				6775D0911F1C8F590029B271 /* Main.storyboard */,
				6775D0941F1C8F590029B271 /* Assets.xcassets */,
				6775D0961F1C8F590029B271 /* LaunchScreen.storyboard */,
				6775D0991F1C8F590029B271 /* Info.plist */,
				6775D0881F1C8F590029B271 /* Supporting Files */,
			);
			path = MRButtonCollection;
			sourceTree = "<group>";
		};
		6775D0881F1C8F590029B271 /* Supporting Files */ = {
			isa = PBXGroup;
			children = (
				6775D0891F1C8F590029B271 /* main.m */,
			);
			name = "Supporting Files";
			sourceTree = "<group>";
		};
		7F69A5C23C5C2C7145F954D6 /* Frameworks */ = {
			isa = PBXGroup;
			children = (
				6FA60D2E24604FE7E43BD6E6 /* libPods-MRButtonCollection.a */,
			);
			name = Frameworks;
			sourceTree = "<group>";
		};
		9267E55E9A5DB88D529C49AE /* Pods */ = {
			isa = PBXGroup;
			children = (
				076935E5D378AACB1DDB1456 /* Pods-MRButtonCollection.debug.xcconfig */,
				A37DF21224B19ADF74B8CBA8 /* Pods-MRButtonCollection.release.xcconfig */,
			);
			name = Pods;
			sourceTree = "<group>";
		};
/* End PBXGroup section */

/* Begin PBXNativeTarget section */
		6775D0841F1C8F590029B271 /* MRButtonCollection */ = {
			isa = PBXNativeTarget;
			buildConfigurationList = 6775D09C1F1C8F590029B271 /* Build configuration list for PBXNativeTarget "MRButtonCollection" */;
			buildPhases = (
				7A657F4A4D37FBA656274CF9 /* [CP] Check Pods Manifest.lock */,
				6775D0811F1C8F590029B271 /* Sources */,
				6775D0821F1C8F590029B271 /* Frameworks */,
				6775D0831F1C8F590029B271 /* Resources */,
				A28B0287AC58B938CC477B38 /* [CP] Embed Pods Frameworks */,
				390C43E6C5D18B84705515DA /* [CP] Copy Pods Resources */,
			);
			buildRules = (
			);
			dependencies = (
			);
			name = MRButtonCollection;
			productName = MRButtonCollection;
			productReference = 6775D0851F1C8F590029B271 /* MRButtonCollection.app */;
			productType = "com.apple.product-type.application";
		};
/* End PBXNativeTarget section */

/* Begin PBXProject section */
		6775D07D1F1C8F590029B271 /* Project object */ = {
			isa = PBXProject;
			attributes = {
				LastUpgradeCheck = 0830;
				ORGANIZATIONNAME = MrXir;
				TargetAttributes = {
					6775D0841F1C8F590029B271 = {
						CreatedOnToolsVersion = 8.3.2;
						DevelopmentTeam = 4HXKSPK349;
						ProvisioningStyle = Automatic;
					};
				};
			};
			buildConfigurationList = 6775D0801F1C8F590029B271 /* Build configuration list for PBXProject "MRButtonCollection" */;
			compatibilityVersion = "Xcode 3.2";
			developmentRegion = English;
			hasScannedForEncodings = 0;
			knownRegions = (
				en,
				Base,
			);
			mainGroup = 6775D07C1F1C8F590029B271;
			productRefGroup = 6775D0861F1C8F590029B271 /* Products */;
			projectDirPath = "";
			projectRoot = "";
			targets = (
				6775D0841F1C8F590029B271 /* MRButtonCollection */,
			);
		};
/* End PBXProject section */

/* Begin PBXResourcesBuildPhase section */
		6775D0831F1C8F590029B271 /* Resources */ = {
			isa = PBXResourcesBuildPhase;
			buildActionMask = 2147483647;
			files = (
				6775D0981F1C8F590029B271 /* LaunchScreen.storyboard in Resources */,
				6775D0A01F1C8FB60029B271 /* MRButtonCollection.podspec in Resources */,
				6775D0951F1C8F590029B271 /* Assets.xcassets in Resources */,
				6775D0931F1C8F590029B271 /* Main.storyboard in Resources */,
			);
			runOnlyForDeploymentPostprocessing = 0;
		};
/* End PBXResourcesBuildPhase section */

/* Begin PBXShellScriptBuildPhase section */
		390C43E6C5D18B84705515DA /* [CP] Copy Pods Resources */ = {
			isa = PBXShellScriptBuildPhase;
			buildActionMask = 2147483647;
			files = (
			);
			inputPaths = (
			);
			name = "[CP] Copy Pods Resources";
			outputPaths = (
			);
			runOnlyForDeploymentPostprocessing = 0;
			shellPath = /bin/sh;
			shellScript = "\"${SRCROOT}/Pods/Target Support Files/Pods-MRButtonCollection/Pods-MRButtonCollection-resources.sh\"\n";
			showEnvVarsInLog = 0;
		};
		7A657F4A4D37FBA656274CF9 /* [CP] Check Pods Manifest.lock */ = {
			isa = PBXShellScriptBuildPhase;
			buildActionMask = 2147483647;
			files = (
			);
			inputPaths = (
			);
			name = "[CP] Check Pods Manifest.lock";
			outputPaths = (
			);
			runOnlyForDeploymentPostprocessing = 0;
			shellPath = /bin/sh;
			shellScript = "diff \"${PODS_PODFILE_DIR_PATH}/Podfile.lock\" \"${PODS_ROOT}/Manifest.lock\" > /dev/null\nif [ $? != 0 ] ; then\n    # print error to STDERR\n    echo \"error: The sandbox is not in sync with the Podfile.lock. Run 'pod install' or update your CocoaPods installation.\" >&2\n    exit 1\nfi\n";
			showEnvVarsInLog = 0;
		};
		A28B0287AC58B938CC477B38 /* [CP] Embed Pods Frameworks */ = {
			isa = PBXShellScriptBuildPhase;
			buildActionMask = 2147483647;
			files = (
			);
			inputPaths = (
			);
			name = "[CP] Embed Pods Frameworks";
			outputPaths = (
			);
			runOnlyForDeploymentPostprocessing = 0;
			shellPath = /bin/sh;
			shellScript = "\"${SRCROOT}/Pods/Target Support Files/Pods-MRButtonCollection/Pods-MRButtonCollection-frameworks.sh\"\n";
			showEnvVarsInLog = 0;
		};
/* End PBXShellScriptBuildPhase section */

/* Begin PBXSourcesBuildPhase section */
		6775D0811F1C8F590029B271 /* Sources */ = {
			isa = PBXSourcesBuildPhase;
			buildActionMask = 2147483647;
			files = (
				6775D0901F1C8F590029B271 /* ViewController.m in Sources */,
				6775D08D1F1C8F590029B271 /* AppDelegate.m in Sources */,
				6775D08A1F1C8F590029B271 /* main.m in Sources */,
			);
			runOnlyForDeploymentPostprocessing = 0;
		};
/* End PBXSourcesBuildPhase section */

/* Begin PBXVariantGroup section */
		6775D0911F1C8F590029B271 /* Main.storyboard */ = {
			isa = PBXVariantGroup;
			children = (
				6775D0921F1C8F590029B271 /* Base */,
			);
			name = Main.storyboard;
			sourceTree = "<group>";
		};
		6775D0961F1C8F590029B271 /* LaunchScreen.storyboard */ = {
			isa = PBXVariantGroup;
			children = (
				6775D0971F1C8F590029B271 /* Base */,
			);
			name = LaunchScreen.storyboard;
			sourceTree = "<group>";
		};
/* End PBXVariantGroup section */

/* Begin XCBuildConfiguration section */
		6775D09A1F1C8F590029B271 /* Debug */ = {
			isa = XCBuildConfiguration;
			buildSettings = {
				ALWAYS_SEARCH_USER_PATHS = NO;
				CLANG_ANALYZER_NONNULL = YES;
				CLANG_ANALYZER_NUMBER_OBJECT_CONVERSION = YES_AGGRESSIVE;
				CLANG_CXX_LANGUAGE_STANDARD = "gnu++0x";
				CLANG_CXX_LIBRARY = "libc++";
				CLANG_ENABLE_MODULES = YES;
				CLANG_ENABLE_OBJC_ARC = YES;
				CLANG_WARN_BOOL_CONVERSION = YES;
				CLANG_WARN_CONSTANT_CONVERSION = YES;
				CLANG_WARN_DIRECT_OBJC_ISA_USAGE = YES_ERROR;
				CLANG_WARN_DOCUMENTATION_COMMENTS = YES;
				CLANG_WARN_EMPTY_BODY = YES;
				CLANG_WARN_ENUM_CONVERSION = YES;
				CLANG_WARN_INFINITE_RECURSION = YES;
				CLANG_WARN_INT_CONVERSION = YES;
				CLANG_WARN_OBJC_ROOT_CLASS = YES_ERROR;
				CLANG_WARN_SUSPICIOUS_MOVE = YES;
				CLANG_WARN_UNREACHABLE_CODE = YES;
				CLANG_WARN__DUPLICATE_METHOD_MATCH = YES;
				"CODE_SIGN_IDENTITY[sdk=iphoneos*]" = "iPhone Developer";
				COPY_PHASE_STRIP = NO;
				DEBUG_INFORMATION_FORMAT = dwarf;
				ENABLE_STRICT_OBJC_MSGSEND = YES;
				ENABLE_TESTABILITY = YES;
				GCC_C_LANGUAGE_STANDARD = gnu99;
				GCC_DYNAMIC_NO_PIC = NO;
				GCC_NO_COMMON_BLOCKS = YES;
				GCC_OPTIMIZATION_LEVEL = 0;
				GCC_PREPROCESSOR_DEFINITIONS = (
					"DEBUG=1",
					"$(inherited)",
				);
				GCC_WARN_64_TO_32_BIT_CONVERSION = YES;
				GCC_WARN_ABOUT_RETURN_TYPE = YES_ERROR;
				GCC_WARN_UNDECLARED_SELECTOR = YES;
				GCC_WARN_UNINITIALIZED_AUTOS = YES_AGGRESSIVE;
				GCC_WARN_UNUSED_FUNCTION = YES;
				GCC_WARN_UNUSED_VARIABLE = YES;
				IPHONEOS_DEPLOYMENT_TARGET = 10.3;
				MTL_ENABLE_DEBUG_INFO = YES;
				ONLY_ACTIVE_ARCH = YES;
				SDKROOT = iphoneos;
			};
			name = Debug;
		};
		6775D09B1F1C8F590029B271 /* Release */ = {
			isa = XCBuildConfiguration;
			buildSettings = {
				ALWAYS_SEARCH_USER_PATHS = NO;
				CLANG_ANALYZER_NONNULL = YES;
				CLANG_ANALYZER_NUMBER_OBJECT_CONVERSION = YES_AGGRESSIVE;
				CLANG_CXX_LANGUAGE_STANDARD = "gnu++0x";
				CLANG_CXX_LIBRARY = "libc++";
				CLANG_ENABLE_MODULES = YES;
				CLANG_ENABLE_OBJC_ARC = YES;
				CLANG_WARN_BOOL_CONVERSION = YES;
				CLANG_WARN_CONSTANT_CONVERSION = YES;
				CLANG_WARN_DIRECT_OBJC_ISA_USAGE = YES_ERROR;
				CLANG_WARN_DOCUMENTATION_COMMENTS = YES;
				CLANG_WARN_EMPTY_BODY = YES;
				CLANG_WARN_ENUM_CONVERSION = YES;
				CLANG_WARN_INFINITE_RECURSION = YES;
				CLANG_WARN_INT_CONVERSION = YES;
				CLANG_WARN_OBJC_ROOT_CLASS = YES_ERROR;
				CLANG_WARN_SUSPICIOUS_MOVE = YES;
				CLANG_WARN_UNREACHABLE_CODE = YES;
				CLANG_WARN__DUPLICATE_METHOD_MATCH = YES;
				"CODE_SIGN_IDENTITY[sdk=iphoneos*]" = "iPhone Developer";
				COPY_PHASE_STRIP = NO;
				DEBUG_INFORMATION_FORMAT = "dwarf-with-dsym";
				ENABLE_NS_ASSERTIONS = NO;
				ENABLE_STRICT_OBJC_MSGSEND = YES;
				GCC_C_LANGUAGE_STANDARD = gnu99;
				GCC_NO_COMMON_BLOCKS = YES;
				GCC_WARN_64_TO_32_BIT_CONVERSION = YES;
				GCC_WARN_ABOUT_RETURN_TYPE = YES_ERROR;
				GCC_WARN_UNDECLARED_SELECTOR = YES;
				GCC_WARN_UNINITIALIZED_AUTOS = YES_AGGRESSIVE;
				GCC_WARN_UNUSED_FUNCTION = YES;
				GCC_WARN_UNUSED_VARIABLE = YES;
				IPHONEOS_DEPLOYMENT_TARGET = 10.3;
				MTL_ENABLE_DEBUG_INFO = NO;
				SDKROOT = iphoneos;
				VALIDATE_PRODUCT = YES;
			};
			name = Release;
		};
		6775D09D1F1C8F590029B271 /* Debug */ = {
			isa = XCBuildConfiguration;
			baseConfigurationReference = 076935E5D378AACB1DDB1456 /* Pods-MRButtonCollection.debug.xcconfig */;
			buildSettings = {
				ASSETCATALOG_COMPILER_APPICON_NAME = AppIcon;
				DEVELOPMENT_TEAM = 4HXKSPK349;
				INFOPLIST_FILE = MRButtonCollection/Info.plist;
				LD_RUNPATH_SEARCH_PATHS = "$(inherited) @executable_path/Frameworks";
				PRODUCT_BUNDLE_IDENTIFIER = com.mrxir.MRButtonCollection;
				PRODUCT_NAME = "$(TARGET_NAME)";
			};
			name = Debug;
		};
		6775D09E1F1C8F590029B271 /* Release */ = {
			isa = XCBuildConfiguration;
			baseConfigurationReference = A37DF21224B19ADF74B8CBA8 /* Pods-MRButtonCollection.release.xcconfig */;
			buildSettings = {
				ASSETCATALOG_COMPILER_APPICON_NAME = AppIcon;
				DEVELOPMENT_TEAM = 4HXKSPK349;
				INFOPLIST_FILE = MRButtonCollection/Info.plist;
				LD_RUNPATH_SEARCH_PATHS = "$(inherited) @executable_path/Frameworks";
				PRODUCT_BUNDLE_IDENTIFIER = com.mrxir.MRButtonCollection;
				PRODUCT_NAME = "$(TARGET_NAME)";
			};
			name = Release;
		};
/* End XCBuildConfiguration section */

/* Begin XCConfigurationList section */
		6775D0801F1C8F590029B271 /* Build configuration list for PBXProject "MRButtonCollection" */ = {
			isa = XCConfigurationList;
			buildConfigurations = (
				6775D09A1F1C8F590029B271 /* Debug */,
				6775D09B1F1C8F590029B271 /* Release */,
			);
			defaultConfigurationIsVisible = 0;
			defaultConfigurationName = Release;
		};
		6775D09C1F1C8F590029B271 /* Build configuration list for PBXNativeTarget "MRButtonCollection" */ = {
			isa = XCConfigurationList;
			buildConfigurations = (
				6775D09D1F1C8F590029B271 /* Debug */,
				6775D09E1F1C8F590029B271 /* Release */,
			);
			defaultConfigurationIsVisible = 0;
			defaultConfigurationName = Release;
		};
/* End XCConfigurationList section */
	};
	rootObject = 6775D07D1F1C8F590029B271 /* Project object */;
}
